// !$*UTF8*$!
{
	archiveVersion = 1;
	classes = {
	};
	objectVersion = 46;
	objects = {

/* Begin PBXBuildFile section */
		8E4B6BBD1F0285AC0077582E /* ProductService.swift in Sources */ = {isa = PBXBuildFile; fileRef = 8E4B6BBC1F0285AC0077582E /* ProductService.swift */; };
		8E4B6BBF1F028D1D0077582E /* MamaAndPapaServiceProvider.swift in Sources */ = {isa = PBXBuildFile; fileRef = 8E4B6BBE1F028D1D0077582E /* MamaAndPapaServiceProvider.swift */; };
		8E4B6BC61F0299560077582E /* Search.storyboard in Resources */ = {isa = PBXBuildFile; fileRef = 8E4B6BC51F0299560077582E /* Search.storyboard */; };
		8E4B6BC91F0299D70077582E /* ProductSearchController.swift in Sources */ = {isa = PBXBuildFile; fileRef = 8E4B6BC81F0299D70077582E /* ProductSearchController.swift */; };
		8E4B6BCB1F029C5D0077582E /* StoryboardConstants.swift in Sources */ = {isa = PBXBuildFile; fileRef = 8E4B6BCA1F029B970077582E /* StoryboardConstants.swift */; };
		8E4B6BCC1F029D590077582E /* APP_DEBUG_CONFIG.plist in Resources */ = {isa = PBXBuildFile; fileRef = 8EA8290C1F01D8A500CB6E0B /* APP_DEBUG_CONFIG.plist */; };
		8E4B6BCD1F029D5C0077582E /* APP_RELEASE_CONFIG.plist in Resources */ = {isa = PBXBuildFile; fileRef = 8EA8290D1F01D8A500CB6E0B /* APP_RELEASE_CONFIG.plist */; };
		8E8E04D31F01B35900C3338E /* AppDelegate.swift in Sources */ = {isa = PBXBuildFile; fileRef = 8E8E04D21F01B35900C3338E /* AppDelegate.swift */; };
		8E8E04DA1F01B35900C3338E /* Assets.xcassets in Resources */ = {isa = PBXBuildFile; fileRef = 8E8E04D91F01B35900C3338E /* Assets.xcassets */; };
		8E8E04E81F01B35900C3338E /* MamasAndPapasTests.swift in Sources */ = {isa = PBXBuildFile; fileRef = 8E8E04E71F01B35900C3338E /* MamasAndPapasTests.swift */; };
		8E8E04F31F01B35900C3338E /* MamasAndPapasUITests.swift in Sources */ = {isa = PBXBuildFile; fileRef = 8E8E04F21F01B35900C3338E /* MamasAndPapasUITests.swift */; };
		8EA8290E1F01D8EB00CB6E0B /* AppConfig.swift in Sources */ = {isa = PBXBuildFile; fileRef = 8EA8290B1F01D87400CB6E0B /* AppConfig.swift */; };
		8ED74B261F0305FE001C9100 /* SearchProductTableCell.swift in Sources */ = {isa = PBXBuildFile; fileRef = 8ED74B251F0305FE001C9100 /* SearchProductTableCell.swift */; };
		8ED74B291F031E13001C9100 /* JSON+Image.swift in Sources */ = {isa = PBXBuildFile; fileRef = 8ED74B281F031E13001C9100 /* JSON+Image.swift */; };
		8ED74B2B1F031ED8001C9100 /* CDNProvider.swift in Sources */ = {isa = PBXBuildFile; fileRef = 8ED74B2A1F031ED8001C9100 /* CDNProvider.swift */; };
		8ED74B2D1F0321BA001C9100 /* ImageConstants.swift in Sources */ = {isa = PBXBuildFile; fileRef = 8ED74B2C1F032195001C9100 /* ImageConstants.swift */; };
		8ED74B2F1F032325001C9100 /* JSON+Product.swift in Sources */ = {isa = PBXBuildFile; fileRef = 8ED74B2E1F032325001C9100 /* JSON+Product.swift */; };
		8ED74B311F033B84001C9100 /* ProductDetailController.swift in Sources */ = {isa = PBXBuildFile; fileRef = 8ED74B301F033B84001C9100 /* ProductDetailController.swift */; };
		8ED74B331F034F43001C9100 /* ProductPhotoGallery.swift in Sources */ = {isa = PBXBuildFile; fileRef = 8ED74B321F034F43001C9100 /* ProductPhotoGallery.swift */; };
		8ED74B351F035167001C9100 /* ProductPhotoGalleryCell.swift in Sources */ = {isa = PBXBuildFile; fileRef = 8ED74B341F035167001C9100 /* ProductPhotoGalleryCell.swift */; };
		8ED74B371F0359D1001C9100 /* ProductDetailSizePickCell.swift in Sources */ = {isa = PBXBuildFile; fileRef = 8ED74B361F0359D0001C9100 /* ProductDetailSizePickCell.swift */; };
		F71FFA1DB132F7A9FD99833E /* Pods_MamasAndPapas.framework in Frameworks */ = {isa = PBXBuildFile; fileRef = FE52B12CBA36B7512EAB9887 /* Pods_MamasAndPapas.framework */; };
/* End PBXBuildFile section */

/* Begin PBXContainerItemProxy section */
		8E8E04E41F01B35900C3338E /* PBXContainerItemProxy */ = {
			isa = PBXContainerItemProxy;
			containerPortal = 8E8E04C71F01B35900C3338E /* Project object */;
			proxyType = 1;
			remoteGlobalIDString = 8E8E04CE1F01B35900C3338E;
			remoteInfo = MamasAndPapas;
		};
		8E8E04EF1F01B35900C3338E /* PBXContainerItemProxy */ = {
			isa = PBXContainerItemProxy;
			containerPortal = 8E8E04C71F01B35900C3338E /* Project object */;
			proxyType = 1;
			remoteGlobalIDString = 8E8E04CE1F01B35900C3338E;
			remoteInfo = MamasAndPapas;
		};
/* End PBXContainerItemProxy section */

/* Begin PBXFileReference section */
		8E4B6BBC1F0285AC0077582E /* ProductService.swift */ = {isa = PBXFileReference; lastKnownFileType = sourcecode.swift; path = ProductService.swift; sourceTree = "<group>"; };
		8E4B6BBE1F028D1D0077582E /* MamaAndPapaServiceProvider.swift */ = {isa = PBXFileReference; lastKnownFileType = sourcecode.swift; path = MamaAndPapaServiceProvider.swift; sourceTree = "<group>"; };
		8E4B6BC51F0299560077582E /* Search.storyboard */ = {isa = PBXFileReference; lastKnownFileType = file.storyboard; path = Search.storyboard; sourceTree = "<group>"; };
		8E4B6BC81F0299D70077582E /* ProductSearchController.swift */ = {isa = PBXFileReference; lastKnownFileType = sourcecode.swift; path = ProductSearchController.swift; sourceTree = "<group>"; };
		8E4B6BCA1F029B970077582E /* StoryboardConstants.swift */ = {isa = PBXFileReference; lastKnownFileType = sourcecode.swift; path = StoryboardConstants.swift; sourceTree = "<group>"; };
		8E8E04CF1F01B35900C3338E /* MamasAndPapas.app */ = {isa = PBXFileReference; explicitFileType = wrapper.application; includeInIndex = 0; path = MamasAndPapas.app; sourceTree = BUILT_PRODUCTS_DIR; };
		8E8E04D21F01B35900C3338E /* AppDelegate.swift */ = {isa = PBXFileReference; lastKnownFileType = sourcecode.swift; path = AppDelegate.swift; sourceTree = "<group>"; };
		8E8E04D91F01B35900C3338E /* Assets.xcassets */ = {isa = PBXFileReference; lastKnownFileType = folder.assetcatalog; path = Assets.xcassets; sourceTree = "<group>"; };
		8E8E04DE1F01B35900C3338E /* Info.plist */ = {isa = PBXFileReference; lastKnownFileType = text.plist.xml; path = Info.plist; sourceTree = "<group>"; };
		8E8E04E31F01B35900C3338E /* MamasAndPapasTests.xctest */ = {isa = PBXFileReference; explicitFileType = wrapper.cfbundle; includeInIndex = 0; path = MamasAndPapasTests.xctest; sourceTree = BUILT_PRODUCTS_DIR; };
		8E8E04E71F01B35900C3338E /* MamasAndPapasTests.swift */ = {isa = PBXFileReference; lastKnownFileType = sourcecode.swift; path = MamasAndPapasTests.swift; sourceTree = "<group>"; };
		8E8E04E91F01B35900C3338E /* Info.plist */ = {isa = PBXFileReference; lastKnownFileType = text.plist.xml; path = Info.plist; sourceTree = "<group>"; };
		8E8E04EE1F01B35900C3338E /* MamasAndPapasUITests.xctest */ = {isa = PBXFileReference; explicitFileType = wrapper.cfbundle; includeInIndex = 0; path = MamasAndPapasUITests.xctest; sourceTree = BUILT_PRODUCTS_DIR; };
		8E8E04F21F01B35900C3338E /* MamasAndPapasUITests.swift */ = {isa = PBXFileReference; lastKnownFileType = sourcecode.swift; path = MamasAndPapasUITests.swift; sourceTree = "<group>"; };
		8E8E04F41F01B35900C3338E /* Info.plist */ = {isa = PBXFileReference; lastKnownFileType = text.plist.xml; path = Info.plist; sourceTree = "<group>"; };
		8EA8290B1F01D87400CB6E0B /* AppConfig.swift */ = {isa = PBXFileReference; lastKnownFileType = sourcecode.swift; path = AppConfig.swift; sourceTree = "<group>"; };
		8EA8290C1F01D8A500CB6E0B /* APP_DEBUG_CONFIG.plist */ = {isa = PBXFileReference; lastKnownFileType = text.plist.xml; path = APP_DEBUG_CONFIG.plist; sourceTree = "<group>"; };
		8EA8290D1F01D8A500CB6E0B /* APP_RELEASE_CONFIG.plist */ = {isa = PBXFileReference; lastKnownFileType = text.plist.xml; path = APP_RELEASE_CONFIG.plist; sourceTree = "<group>"; };
		8ED74B251F0305FE001C9100 /* SearchProductTableCell.swift */ = {isa = PBXFileReference; lastKnownFileType = sourcecode.swift; path = SearchProductTableCell.swift; sourceTree = "<group>"; };
		8ED74B281F031E13001C9100 /* JSON+Image.swift */ = {isa = PBXFileReference; lastKnownFileType = sourcecode.swift; path = "JSON+Image.swift"; sourceTree = "<group>"; };
		8ED74B2A1F031ED8001C9100 /* CDNProvider.swift */ = {isa = PBXFileReference; lastKnownFileType = sourcecode.swift; path = CDNProvider.swift; sourceTree = "<group>"; };
		8ED74B2C1F032195001C9100 /* ImageConstants.swift */ = {isa = PBXFileReference; lastKnownFileType = sourcecode.swift; path = ImageConstants.swift; sourceTree = "<group>"; };
		8ED74B2E1F032325001C9100 /* JSON+Product.swift */ = {isa = PBXFileReference; lastKnownFileType = sourcecode.swift; path = "JSON+Product.swift"; sourceTree = "<group>"; };
		8ED74B301F033B84001C9100 /* ProductDetailController.swift */ = {isa = PBXFileReference; lastKnownFileType = sourcecode.swift; path = ProductDetailController.swift; sourceTree = "<group>"; };
		8ED74B321F034F43001C9100 /* ProductPhotoGallery.swift */ = {isa = PBXFileReference; lastKnownFileType = sourcecode.swift; path = ProductPhotoGallery.swift; sourceTree = "<group>"; };
		8ED74B341F035167001C9100 /* ProductPhotoGalleryCell.swift */ = {isa = PBXFileReference; lastKnownFileType = sourcecode.swift; path = ProductPhotoGalleryCell.swift; sourceTree = "<group>"; };
		8ED74B361F0359D0001C9100 /* ProductDetailSizePickCell.swift */ = {isa = PBXFileReference; lastKnownFileType = sourcecode.swift; path = ProductDetailSizePickCell.swift; sourceTree = "<group>"; };
		C529E379CAB7BA9E85975B29 /* Pods-MamasAndPapas.debug.xcconfig */ = {isa = PBXFileReference; includeInIndex = 1; lastKnownFileType = text.xcconfig; name = "Pods-MamasAndPapas.debug.xcconfig"; path = "Pods/Target Support Files/Pods-MamasAndPapas/Pods-MamasAndPapas.debug.xcconfig"; sourceTree = "<group>"; };
		D0CD7205F54450717F161F57 /* Pods-MamasAndPapas.release.xcconfig */ = {isa = PBXFileReference; includeInIndex = 1; lastKnownFileType = text.xcconfig; name = "Pods-MamasAndPapas.release.xcconfig"; path = "Pods/Target Support Files/Pods-MamasAndPapas/Pods-MamasAndPapas.release.xcconfig"; sourceTree = "<group>"; };
		FE52B12CBA36B7512EAB9887 /* Pods_MamasAndPapas.framework */ = {isa = PBXFileReference; explicitFileType = wrapper.framework; includeInIndex = 0; path = Pods_MamasAndPapas.framework; sourceTree = BUILT_PRODUCTS_DIR; };
/* End PBXFileReference section */

/* Begin PBXFrameworksBuildPhase section */
		8E8E04CC1F01B35900C3338E /* Frameworks */ = {
			isa = PBXFrameworksBuildPhase;
			buildActionMask = 2147483647;
			files = (
				F71FFA1DB132F7A9FD99833E /* Pods_MamasAndPapas.framework in Frameworks */,
			);
			runOnlyForDeploymentPostprocessing = 0;
		};
		8E8E04E01F01B35900C3338E /* Frameworks */ = {
			isa = PBXFrameworksBuildPhase;
			buildActionMask = 2147483647;
			files = (
			);
			runOnlyForDeploymentPostprocessing = 0;
		};
		8E8E04EB1F01B35900C3338E /* Frameworks */ = {
			isa = PBXFrameworksBuildPhase;
			buildActionMask = 2147483647;
			files = (
			);
			runOnlyForDeploymentPostprocessing = 0;
		};
/* End PBXFrameworksBuildPhase section */

/* Begin PBXGroup section */
		583FCF77FBF481584EF565C6 /* Frameworks */ = {
			isa = PBXGroup;
			children = (
				FE52B12CBA36B7512EAB9887 /* Pods_MamasAndPapas.framework */,
			);
			name = Frameworks;
			sourceTree = "<group>";
		};
		8E4B6BC41F0298E40077582E /* View */ = {
			isa = PBXGroup;
			children = (
				8E4B6BCA1F029B970077582E /* StoryboardConstants.swift */,
				8E4B6BC51F0299560077582E /* Search.storyboard */,
				8ED74B251F0305FE001C9100 /* SearchProductTableCell.swift */,
				8ED74B321F034F43001C9100 /* ProductPhotoGallery.swift */,
				8ED74B341F035167001C9100 /* ProductPhotoGalleryCell.swift */,
				8ED74B361F0359D0001C9100 /* ProductDetailSizePickCell.swift */,
			);
			path = View;
			sourceTree = "<group>";
		};
		8E4B6BC71F0299A30077582E /* Controller */ = {
			isa = PBXGroup;
			children = (
				8E4B6BC81F0299D70077582E /* ProductSearchController.swift */,
				8ED74B301F033B84001C9100 /* ProductDetailController.swift */,
			);
			path = Controller;
			sourceTree = "<group>";
		};
		8E8E04C61F01B35900C3338E = {
			isa = PBXGroup;
			children = (
				8E8E04D11F01B35900C3338E /* MamasAndPapas */,
				8E8E04E61F01B35900C3338E /* MamasAndPapasTests */,
				8E8E04F11F01B35900C3338E /* MamasAndPapasUITests */,
				8E8E04D01F01B35900C3338E /* Products */,
				BF99C92382B59D17954BD2DB /* Pods */,
				583FCF77FBF481584EF565C6 /* Frameworks */,
			);
			sourceTree = "<group>";
		};
		8E8E04D01F01B35900C3338E /* Products */ = {
			isa = PBXGroup;
			children = (
				8E8E04CF1F01B35900C3338E /* MamasAndPapas.app */,
				8E8E04E31F01B35900C3338E /* MamasAndPapasTests.xctest */,
				8E8E04EE1F01B35900C3338E /* MamasAndPapasUITests.xctest */,
			);
			name = Products;
			sourceTree = "<group>";
		};
		8E8E04D11F01B35900C3338E /* MamasAndPapas */ = {
			isa = PBXGroup;
			children = (
				8ED74B2C1F032195001C9100 /* ImageConstants.swift */,
				8ED74B271F031DE4001C9100 /* Model */,
				8E4B6BC71F0299A30077582E /* Controller */,
				8E4B6BC41F0298E40077582E /* View */,
				8EA8290A1F01D84D00CB6E0B /* Service */,
				8E8E04D21F01B35900C3338E /* AppDelegate.swift */,
				8E8E04D91F01B35900C3338E /* Assets.xcassets */,
				8E8E04DE1F01B35900C3338E /* Info.plist */,
			);
			path = MamasAndPapas;
			sourceTree = "<group>";
		};
		8E8E04E61F01B35900C3338E /* MamasAndPapasTests */ = {
			isa = PBXGroup;
			children = (
				8E8E04E71F01B35900C3338E /* MamasAndPapasTests.swift */,
				8E8E04E91F01B35900C3338E /* Info.plist */,
			);
			path = MamasAndPapasTests;
			sourceTree = "<group>";
		};
		8E8E04F11F01B35900C3338E /* MamasAndPapasUITests */ = {
			isa = PBXGroup;
			children = (
				8E8E04F21F01B35900C3338E /* MamasAndPapasUITests.swift */,
				8E8E04F41F01B35900C3338E /* Info.plist */,
			);
			path = MamasAndPapasUITests;
			sourceTree = "<group>";
		};
		8EA8290A1F01D84D00CB6E0B /* Service */ = {
			isa = PBXGroup;
			children = (
				8EA8290C1F01D8A500CB6E0B /* APP_DEBUG_CONFIG.plist */,
				8EA8290D1F01D8A500CB6E0B /* APP_RELEASE_CONFIG.plist */,
				8EA8290B1F01D87400CB6E0B /* AppConfig.swift */,
				8E4B6BBC1F0285AC0077582E /* ProductService.swift */,
				8E4B6BBE1F028D1D0077582E /* MamaAndPapaServiceProvider.swift */,
				8ED74B2A1F031ED8001C9100 /* CDNProvider.swift */,
			);
			path = Service;
			sourceTree = "<group>";
		};
		8ED74B271F031DE4001C9100 /* Model */ = {
			isa = PBXGroup;
			children = (
				8ED74B281F031E13001C9100 /* JSON+Image.swift */,
				8ED74B2E1F032325001C9100 /* JSON+Product.swift */,
			);
			path = Model;
			sourceTree = "<group>";
		};
		BF99C92382B59D17954BD2DB /* Pods */ = {
			isa = PBXGroup;
			children = (
				C529E379CAB7BA9E85975B29 /* Pods-MamasAndPapas.debug.xcconfig */,
				D0CD7205F54450717F161F57 /* Pods-MamasAndPapas.release.xcconfig */,
			);
			name = Pods;
			sourceTree = "<group>";
		};
/* End PBXGroup section */

/* Begin PBXNativeTarget section */
		8E8E04CE1F01B35900C3338E /* MamasAndPapas */ = {
			isa = PBXNativeTarget;
			buildConfigurationList = 8E8E04F71F01B35900C3338E /* Build configuration list for PBXNativeTarget "MamasAndPapas" */;
			buildPhases = (
				AE337B7D31924B7296239F78 /* [CP] Check Pods Manifest.lock */,
				8E8E04CB1F01B35900C3338E /* Sources */,
				8E8E04CC1F01B35900C3338E /* Frameworks */,
				8E8E04CD1F01B35900C3338E /* Resources */,
				66D081A7A8404E48468D217D /* [CP] Embed Pods Frameworks */,
				50CE206BBFC3D9703F5702BF /* [CP] Copy Pods Resources */,
			);
			buildRules = (
			);
			dependencies = (
			);
			name = MamasAndPapas;
			productName = MamasAndPapas;
			productReference = 8E8E04CF1F01B35900C3338E /* MamasAndPapas.app */;
			productType = "com.apple.product-type.application";
		};
		8E8E04E21F01B35900C3338E /* MamasAndPapasTests */ = {
			isa = PBXNativeTarget;
			buildConfigurationList = 8E8E04FA1F01B35900C3338E /* Build configuration list for PBXNativeTarget "MamasAndPapasTests" */;
			buildPhases = (
				8E8E04DF1F01B35900C3338E /* Sources */,
				8E8E04E01F01B35900C3338E /* Frameworks */,
				8E8E04E11F01B35900C3338E /* Resources */,
			);
			buildRules = (
			);
			dependencies = (
				8E8E04E51F01B35900C3338E /* PBXTargetDependency */,
			);
			name = MamasAndPapasTests;
			productName = MamasAndPapasTests;
			productReference = 8E8E04E31F01B35900C3338E /* MamasAndPapasTests.xctest */;
			productType = "com.apple.product-type.bundle.unit-test";
		};
		8E8E04ED1F01B35900C3338E /* MamasAndPapasUITests */ = {
			isa = PBXNativeTarget;
			buildConfigurationList = 8E8E04FD1F01B35900C3338E /* Build configuration list for PBXNativeTarget "MamasAndPapasUITests" */;
			buildPhases = (
				8E8E04EA1F01B35900C3338E /* Sources */,
				8E8E04EB1F01B35900C3338E /* Frameworks */,
				8E8E04EC1F01B35900C3338E /* Resources */,
			);
			buildRules = (
			);
			dependencies = (
				8E8E04F01F01B35900C3338E /* PBXTargetDependency */,
			);
			name = MamasAndPapasUITests;
			productName = MamasAndPapasUITests;
			productReference = 8E8E04EE1F01B35900C3338E /* MamasAndPapasUITests.xctest */;
			productType = "com.apple.product-type.bundle.ui-testing";
		};
/* End PBXNativeTarget section */

/* Begin PBXProject section */
		8E8E04C71F01B35900C3338E /* Project object */ = {
			isa = PBXProject;
			attributes = {
				LastSwiftUpdateCheck = 0830;
				LastUpgradeCheck = 0900;
				ORGANIZATIONNAME = "ALI KIRAN";
				TargetAttributes = {
					8E8E04CE1F01B35900C3338E = {
						CreatedOnToolsVersion = 8.3.3;
						DevelopmentTeam = WMG7MB78VY;
						ProvisioningStyle = Automatic;
					};
					8E8E04E21F01B35900C3338E = {
						CreatedOnToolsVersion = 8.3.3;
						DevelopmentTeam = WMG7MB78VY;
						ProvisioningStyle = Automatic;
						TestTargetID = 8E8E04CE1F01B35900C3338E;
					};
					8E8E04ED1F01B35900C3338E = {
						CreatedOnToolsVersion = 8.3.3;
						DevelopmentTeam = WMG7MB78VY;
						ProvisioningStyle = Automatic;
						TestTargetID = 8E8E04CE1F01B35900C3338E;
					};
				};
			};
			buildConfigurationList = 8E8E04CA1F01B35900C3338E /* Build configuration list for PBXProject "MamasAndPapas" */;
			compatibilityVersion = "Xcode 3.2";
			developmentRegion = English;
			hasScannedForEncodings = 0;
			knownRegions = (
				en,
			);
			mainGroup = 8E8E04C61F01B35900C3338E;
			productRefGroup = 8E8E04D01F01B35900C3338E /* Products */;
			projectDirPath = "";
			projectRoot = "";
			targets = (
				8E8E04CE1F01B35900C3338E /* MamasAndPapas */,
				8E8E04E21F01B35900C3338E /* MamasAndPapasTests */,
				8E8E04ED1F01B35900C3338E /* MamasAndPapasUITests */,
			);
		};
/* End PBXProject section */

/* Begin PBXResourcesBuildPhase section */
		8E8E04CD1F01B35900C3338E /* Resources */ = {
			isa = PBXResourcesBuildPhase;
			buildActionMask = 2147483647;
			files = (
				8E4B6BCD1F029D5C0077582E /* APP_RELEASE_CONFIG.plist in Resources */,
				8E4B6BC61F0299560077582E /* Search.storyboard in Resources */,
				8E4B6BCC1F029D590077582E /* APP_DEBUG_CONFIG.plist in Resources */,
				8E8E04DA1F01B35900C3338E /* Assets.xcassets in Resources */,
			);
			runOnlyForDeploymentPostprocessing = 0;
		};
		8E8E04E11F01B35900C3338E /* Resources */ = {
			isa = PBXResourcesBuildPhase;
			buildActionMask = 2147483647;
			files = (
			);
			runOnlyForDeploymentPostprocessing = 0;
		};
		8E8E04EC1F01B35900C3338E /* Resources */ = {
			isa = PBXResourcesBuildPhase;
			buildActionMask = 2147483647;
			files = (
			);
			runOnlyForDeploymentPostprocessing = 0;
		};
/* End PBXResourcesBuildPhase section */

/* Begin PBXShellScriptBuildPhase section */
		50CE206BBFC3D9703F5702BF /* [CP] Copy Pods Resources */ = {
			isa = PBXShellScriptBuildPhase;
			buildActionMask = 2147483647;
			files = (
			);
			inputPaths = (
			);
			name = "[CP] Copy Pods Resources";
			outputPaths = (
			);
			runOnlyForDeploymentPostprocessing = 0;
			shellPath = /bin/sh;
			shellScript = "\"${SRCROOT}/Pods/Target Support Files/Pods-MamasAndPapas/Pods-MamasAndPapas-resources.sh\"\n";
			showEnvVarsInLog = 0;
		};
		66D081A7A8404E48468D217D /* [CP] Embed Pods Frameworks */ = {
			isa = PBXShellScriptBuildPhase;
			buildActionMask = 2147483647;
			files = (
			);
			inputPaths = (
				"${SRCROOT}/Pods/Target Support Files/Pods-MamasAndPapas/Pods-MamasAndPapas-frameworks.sh",
				"${BUILT_PRODUCTS_DIR}/Alamofire/Alamofire.framework",
				"${BUILT_PRODUCTS_DIR}/CVKHierarchySearcher/CVKHierarchySearcher.framework",
				"${BUILT_PRODUCTS_DIR}/Kingfisher/Kingfisher.framework",
				"${BUILT_PRODUCTS_DIR}/MMProgressHUD/MMProgressHUD.framework",
				"${BUILT_PRODUCTS_DIR}/Moya/Moya.framework",
				"${BUILT_PRODUCTS_DIR}/Result/Result.framework",
				"${BUILT_PRODUCTS_DIR}/Signals/Signals.framework",
				"${BUILT_PRODUCTS_DIR}/SwiftyJSON/SwiftyJSON.framework",
				"${BUILT_PRODUCTS_DIR}/Vendors/Vendors.framework",
			);
			name = "[CP] Embed Pods Frameworks";
			outputPaths = (
				"${TARGET_BUILD_DIR}/${FRAMEWORKS_FOLDER_PATH}/Alamofire.framework",
				"${TARGET_BUILD_DIR}/${FRAMEWORKS_FOLDER_PATH}/CVKHierarchySearcher.framework",
				"${TARGET_BUILD_DIR}/${FRAMEWORKS_FOLDER_PATH}/Kingfisher.framework",
				"${TARGET_BUILD_DIR}/${FRAMEWORKS_FOLDER_PATH}/MMProgressHUD.framework",
				"${TARGET_BUILD_DIR}/${FRAMEWORKS_FOLDER_PATH}/Moya.framework",
				"${TARGET_BUILD_DIR}/${FRAMEWORKS_FOLDER_PATH}/Result.framework",
				"${TARGET_BUILD_DIR}/${FRAMEWORKS_FOLDER_PATH}/Signals.framework",
				"${TARGET_BUILD_DIR}/${FRAMEWORKS_FOLDER_PATH}/SwiftyJSON.framework",
				"${TARGET_BUILD_DIR}/${FRAMEWORKS_FOLDER_PATH}/Vendors.framework",
			);
			runOnlyForDeploymentPostprocessing = 0;
			shellPath = /bin/sh;
			shellScript = "\"${SRCROOT}/Pods/Target Support Files/Pods-MamasAndPapas/Pods-MamasAndPapas-frameworks.sh\"\n";
			showEnvVarsInLog = 0;
		};
		AE337B7D31924B7296239F78 /* [CP] Check Pods Manifest.lock */ = {
			isa = PBXShellScriptBuildPhase;
			buildActionMask = 2147483647;
			files = (
			);
			inputPaths = (
				"${PODS_PODFILE_DIR_PATH}/Podfile.lock",
				"${PODS_ROOT}/Manifest.lock",
			);
			name = "[CP] Check Pods Manifest.lock";
			outputPaths = (
				"$(DERIVED_FILE_DIR)/Pods-MamasAndPapas-checkManifestLockResult.txt",
			);
			runOnlyForDeploymentPostprocessing = 0;
			shellPath = /bin/sh;
			shellScript = "diff \"${PODS_PODFILE_DIR_PATH}/Podfile.lock\" \"${PODS_ROOT}/Manifest.lock\" > /dev/null\nif [ $? != 0 ] ; then\n    # print error to STDERR\n    echo \"error: The sandbox is not in sync with the Podfile.lock. Run 'pod install' or update your CocoaPods installation.\" >&2\n    exit 1\nfi\n# This output is used by Xcode 'outputs' to avoid re-running this script phase.\necho \"SUCCESS\" > \"${SCRIPT_OUTPUT_FILE_0}\"\n";
			showEnvVarsInLog = 0;
		};
/* End PBXShellScriptBuildPhase section */

/* Begin PBXSourcesBuildPhase section */
		8E8E04CB1F01B35900C3338E /* Sources */ = {
			isa = PBXSourcesBuildPhase;
			buildActionMask = 2147483647;
			files = (
				8E4B6BC91F0299D70077582E /* ProductSearchController.swift in Sources */,
				8E4B6BBD1F0285AC0077582E /* ProductService.swift in Sources */,
				8E8E04D31F01B35900C3338E /* AppDelegate.swift in Sources */,
				8ED74B371F0359D1001C9100 /* ProductDetailSizePickCell.swift in Sources */,
				8ED74B291F031E13001C9100 /* JSON+Image.swift in Sources */,
				8ED74B311F033B84001C9100 /* ProductDetailController.swift in Sources */,
				8ED74B351F035167001C9100 /* ProductPhotoGalleryCell.swift in Sources */,
				8ED74B2B1F031ED8001C9100 /* CDNProvider.swift in Sources */,
				8ED74B261F0305FE001C9100 /* SearchProductTableCell.swift in Sources */,
				8E4B6BBF1F028D1D0077582E /* MamaAndPapaServiceProvider.swift in Sources */,
				8ED74B2D1F0321BA001C9100 /* ImageConstants.swift in Sources */,
				8EA8290E1F01D8EB00CB6E0B /* AppConfig.swift in Sources */,
				8ED74B2F1F032325001C9100 /* JSON+Product.swift in Sources */,
				8ED74B331F034F43001C9100 /* ProductPhotoGallery.swift in Sources */,
				8E4B6BCB1F029C5D0077582E /* StoryboardConstants.swift in Sources */,
			);
			runOnlyForDeploymentPostprocessing = 0;
		};
		8E8E04DF1F01B35900C3338E /* Sources */ = {
			isa = PBXSourcesBuildPhase;
			buildActionMask = 2147483647;
			files = (
				8E8E04E81F01B35900C3338E /* MamasAndPapasTests.swift in Sources */,
			);
			runOnlyForDeploymentPostprocessing = 0;
		};
		8E8E04EA1F01B35900C3338E /* Sources */ = {
			isa = PBXSourcesBuildPhase;
			buildActionMask = 2147483647;
			files = (
				8E8E04F31F01B35900C3338E /* MamasAndPapasUITests.swift in Sources */,
			);
			runOnlyForDeploymentPostprocessing = 0;
		};
/* End PBXSourcesBuildPhase section */

/* Begin PBXTargetDependency section */
		8E8E04E51F01B35900C3338E /* PBXTargetDependency */ = {
			isa = PBXTargetDependency;
			target = 8E8E04CE1F01B35900C3338E /* MamasAndPapas */;
			targetProxy = 8E8E04E41F01B35900C3338E /* PBXContainerItemProxy */;
		};
		8E8E04F01F01B35900C3338E /* PBXTargetDependency */ = {
			isa = PBXTargetDependency;
			target = 8E8E04CE1F01B35900C3338E /* MamasAndPapas */;
			targetProxy = 8E8E04EF1F01B35900C3338E /* PBXContainerItemProxy */;
		};
/* End PBXTargetDependency section */

/* Begin XCBuildConfiguration section */
		8E8E04F51F01B35900C3338E /* Debug */ = {
			isa = XCBuildConfiguration;
			buildSettings = {
				ALWAYS_SEARCH_USER_PATHS = NO;
				CLANG_ANALYZER_NONNULL = YES;
				CLANG_ANALYZER_NUMBER_OBJECT_CONVERSION = YES_AGGRESSIVE;
				CLANG_CXX_LANGUAGE_STANDARD = "gnu++0x";
				CLANG_CXX_LIBRARY = "libc++";
				CLANG_ENABLE_MODULES = YES;
				CLANG_ENABLE_OBJC_ARC = YES;
				CLANG_WARN_BLOCK_CAPTURE_AUTORELEASING = YES;
				CLANG_WARN_BOOL_CONVERSION = YES;
				CLANG_WARN_COMMA = YES;
				CLANG_WARN_CONSTANT_CONVERSION = YES;
				CLANG_WARN_DIRECT_OBJC_ISA_USAGE = YES_ERROR;
				CLANG_WARN_DOCUMENTATION_COMMENTS = YES;
				CLANG_WARN_EMPTY_BODY = YES;
				CLANG_WARN_ENUM_CONVERSION = YES;
				CLANG_WARN_INFINITE_RECURSION = YES;
				CLANG_WARN_INT_CONVERSION = YES;
				CLANG_WARN_NON_LITERAL_NULL_CONVERSION = YES;
				CLANG_WARN_OBJC_LITERAL_CONVERSION = YES;
				CLANG_WARN_OBJC_ROOT_CLASS = YES_ERROR;
				CLANG_WARN_RANGE_LOOP_ANALYSIS = YES;
				CLANG_WARN_STRICT_PROTOTYPES = YES;
				CLANG_WARN_SUSPICIOUS_MOVE = YES;
				CLANG_WARN_UNREACHABLE_CODE = YES;
				CLANG_WARN__DUPLICATE_METHOD_MATCH = YES;
				"CODE_SIGN_IDENTITY[sdk=iphoneos*]" = "iPhone Developer";
				COPY_PHASE_STRIP = NO;
				DEBUG_INFORMATION_FORMAT = dwarf;
				ENABLE_STRICT_OBJC_MSGSEND = YES;
				ENABLE_TESTABILITY = YES;
				GCC_C_LANGUAGE_STANDARD = gnu99;
				GCC_DYNAMIC_NO_PIC = NO;
				GCC_NO_COMMON_BLOCKS = YES;
				GCC_OPTIMIZATION_LEVEL = 0;
				GCC_PREPROCESSOR_DEFINITIONS = (
					"DEBUG=1",
					"$(inherited)",
				);
				GCC_WARN_64_TO_32_BIT_CONVERSION = YES;
				GCC_WARN_ABOUT_RETURN_TYPE = YES_ERROR;
				GCC_WARN_UNDECLARED_SELECTOR = YES;
				GCC_WARN_UNINITIALIZED_AUTOS = YES_AGGRESSIVE;
				GCC_WARN_UNUSED_FUNCTION = YES;
				GCC_WARN_UNUSED_VARIABLE = YES;
				IPHONEOS_DEPLOYMENT_TARGET = 10.3;
				MTL_ENABLE_DEBUG_INFO = YES;
				ONLY_ACTIVE_ARCH = YES;
				SDKROOT = iphoneos;
				SWIFT_ACTIVE_COMPILATION_CONDITIONS = DEBUG;
				SWIFT_OPTIMIZATION_LEVEL = "-Onone";
				TARGETED_DEVICE_FAMILY = "1,2";
			};
			name = Debug;
		};
		8E8E04F61F01B35900C3338E /* Release */ = {
			isa = XCBuildConfiguration;
			buildSettings = {
				ALWAYS_SEARCH_USER_PATHS = NO;
				CLANG_ANALYZER_NONNULL = YES;
				CLANG_ANALYZER_NUMBER_OBJECT_CONVERSION = YES_AGGRESSIVE;
				CLANG_CXX_LANGUAGE_STANDARD = "gnu++0x";
				CLANG_CXX_LIBRARY = "libc++";
				CLANG_ENABLE_MODULES = YES;
				CLANG_ENABLE_OBJC_ARC = YES;
				CLANG_WARN_BLOCK_CAPTURE_AUTORELEASING = YES;
				CLANG_WARN_BOOL_CONVERSION = YES;
				CLANG_WARN_COMMA = YES;
				CLANG_WARN_CONSTANT_CONVERSION = YES;
				CLANG_WARN_DIRECT_OBJC_ISA_USAGE = YES_ERROR;
				CLANG_WARN_DOCUMENTATION_COMMENTS = YES;
				CLANG_WARN_EMPTY_BODY = YES;
				CLANG_WARN_ENUM_CONVERSION = YES;
				CLANG_WARN_INFINITE_RECURSION = YES;
				CLANG_WARN_INT_CONVERSION = YES;
				CLANG_WARN_NON_LITERAL_NULL_CONVERSION = YES;
				CLANG_WARN_OBJC_LITERAL_CONVERSION = YES;
				CLANG_WARN_OBJC_ROOT_CLASS = YES_ERROR;
				CLANG_WARN_RANGE_LOOP_ANALYSIS = YES;
				CLANG_WARN_STRICT_PROTOTYPES = YES;
				CLANG_WARN_SUSPICIOUS_MOVE = YES;
				CLANG_WARN_UNREACHABLE_CODE = YES;
				CLANG_WARN__DUPLICATE_METHOD_MATCH = YES;
				"CODE_SIGN_IDENTITY[sdk=iphoneos*]" = "iPhone Developer";
				COPY_PHASE_STRIP = NO;
				DEBUG_INFORMATION_FORMAT = "dwarf-with-dsym";
				ENABLE_NS_ASSERTIONS = NO;
				ENABLE_STRICT_OBJC_MSGSEND = YES;
				GCC_C_LANGUAGE_STANDARD = gnu99;
				GCC_NO_COMMON_BLOCKS = YES;
				GCC_WARN_64_TO_32_BIT_CONVERSION = YES;
				GCC_WARN_ABOUT_RETURN_TYPE = YES_ERROR;
				GCC_WARN_UNDECLARED_SELECTOR = YES;
				GCC_WARN_UNINITIALIZED_AUTOS = YES_AGGRESSIVE;
				GCC_WARN_UNUSED_FUNCTION = YES;
				GCC_WARN_UNUSED_VARIABLE = YES;
				IPHONEOS_DEPLOYMENT_TARGET = 10.3;
				MTL_ENABLE_DEBUG_INFO = NO;
				SDKROOT = iphoneos;
				SWIFT_OPTIMIZATION_LEVEL = "-Owholemodule";
				TARGETED_DEVICE_FAMILY = "1,2";
				VALIDATE_PRODUCT = YES;
			};
			name = Release;
		};
		8E8E04F81F01B35900C3338E /* Debug */ = {
			isa = XCBuildConfiguration;
			baseConfigurationReference = C529E379CAB7BA9E85975B29 /* Pods-MamasAndPapas.debug.xcconfig */;
			buildSettings = {
				ASSETCATALOG_COMPILER_APPICON_NAME = AppIcon;
				DEVELOPMENT_TEAM = WMG7MB78VY;
				INFOPLIST_FILE = MamasAndPapas/Info.plist;
				LD_RUNPATH_SEARCH_PATHS = "$(inherited) @executable_path/Frameworks";
				PRODUCT_BUNDLE_IDENTIFIER = awm.MamasAndPapas;
				PRODUCT_NAME = "$(TARGET_NAME)";
				SWIFT_VERSION = 3.0;
			};
			name = Debug;
		};
		8E8E04F91F01B35900C3338E /* Release */ = {
			isa = XCBuildConfiguration;
			baseConfigurationReference = D0CD7205F54450717F161F57 /* Pods-MamasAndPapas.release.xcconfig */;
			buildSettings = {
				ASSETCATALOG_COMPILER_APPICON_NAME = AppIcon;
				DEVELOPMENT_TEAM = WMG7MB78VY;
				INFOPLIST_FILE = MamasAndPapas/Info.plist;
				LD_RUNPATH_SEARCH_PATHS = "$(inherited) @executable_path/Frameworks";
				PRODUCT_BUNDLE_IDENTIFIER = awm.MamasAndPapas;
				PRODUCT_NAME = "$(TARGET_NAME)";
				SWIFT_VERSION = 3.0;
			};
			name = Release;
		};
		8E8E04FB1F01B35900C3338E /* Debug */ = {
			isa = XCBuildConfiguration;
			buildSettings = {
				ALWAYS_EMBED_SWIFT_STANDARD_LIBRARIES = YES;
				BUNDLE_LOADER = "$(TEST_HOST)";
				DEVELOPMENT_TEAM = WMG7MB78VY;
				INFOPLIST_FILE = MamasAndPapasTests/Info.plist;
				LD_RUNPATH_SEARCH_PATHS = "$(inherited) @executable_path/Frameworks @loader_path/Frameworks";
				PRODUCT_BUNDLE_IDENTIFIER = awm.MamasAndPapasTests;
				PRODUCT_NAME = "$(TARGET_NAME)";
				SWIFT_VERSION = 3.0;
				TEST_HOST = "$(BUILT_PRODUCTS_DIR)/MamasAndPapas.app/MamasAndPapas";
			};
			name = Debug;
		};
		8E8E04FC1F01B35900C3338E /* Release */ = {
			isa = XCBuildConfiguration;
			buildSettings = {
				ALWAYS_EMBED_SWIFT_STANDARD_LIBRARIES = YES;
				BUNDLE_LOADER = "$(TEST_HOST)";
				DEVELOPMENT_TEAM = WMG7MB78VY;
				INFOPLIST_FILE = MamasAndPapasTests/Info.plist;
				LD_RUNPATH_SEARCH_PATHS = "$(inherited) @executable_path/Frameworks @loader_path/Frameworks";
				PRODUCT_BUNDLE_IDENTIFIER = awm.MamasAndPapasTests;
				PRODUCT_NAME = "$(TARGET_NAME)";
				SWIFT_VERSION = 3.0;
				TEST_HOST = "$(BUILT_PRODUCTS_DIR)/MamasAndPapas.app/MamasAndPapas";
			};
			name = Release;
		};
		8E8E04FE1F01B35900C3338E /* Debug */ = {
			isa = XCBuildConfiguration;
			buildSettings = {
				ALWAYS_EMBED_SWIFT_STANDARD_LIBRARIES = YES;
				DEVELOPMENT_TEAM = WMG7MB78VY;
				INFOPLIST_FILE = MamasAndPapasUITests/Info.plist;
				LD_RUNPATH_SEARCH_PATHS = "$(inherited) @executable_path/Frameworks @loader_path/Frameworks";
				PRODUCT_BUNDLE_IDENTIFIER = awm.MamasAndPapasUITests;
				PRODUCT_NAME = "$(TARGET_NAME)";
				SWIFT_VERSION = 3.0;
				TEST_TARGET_NAME = MamasAndPapas;
			};
			name = Debug;
		};
		8E8E04FF1F01B35900C3338E /* Release */ = {
			isa = XCBuildConfiguration;
			buildSettings = {
				ALWAYS_EMBED_SWIFT_STANDARD_LIBRARIES = YES;
				DEVELOPMENT_TEAM = WMG7MB78VY;
				INFOPLIST_FILE = MamasAndPapasUITests/Info.plist;
				LD_RUNPATH_SEARCH_PATHS = "$(inherited) @executable_path/Frameworks @loader_path/Frameworks";
				PRODUCT_BUNDLE_IDENTIFIER = awm.MamasAndPapasUITests;
				PRODUCT_NAME = "$(TARGET_NAME)";
				SWIFT_VERSION = 3.0;
				TEST_TARGET_NAME = MamasAndPapas;
			};
			name = Release;
		};
/* End XCBuildConfiguration section */

/* Begin XCConfigurationList section */
		8E8E04CA1F01B35900C3338E /* Build configuration list for PBXProject "MamasAndPapas" */ = {
			isa = XCConfigurationList;
			buildConfigurations = (
				8E8E04F51F01B35900C3338E /* Debug */,
				8E8E04F61F01B35900C3338E /* Release */,
			);
			defaultConfigurationIsVisible = 0;
			defaultConfigurationName = Release;
		};
		8E8E04F71F01B35900C3338E /* Build configuration list for PBXNativeTarget "MamasAndPapas" */ = {
			isa = XCConfigurationList;
			buildConfigurations = (
				8E8E04F81F01B35900C3338E /* Debug */,
				8E8E04F91F01B35900C3338E /* Release */,
			);
			defaultConfigurationIsVisible = 0;
			defaultConfigurationName = Release;
		};
		8E8E04FA1F01B35900C3338E /* Build configuration list for PBXNativeTarget "MamasAndPapasTests" */ = {
			isa = XCConfigurationList;
			buildConfigurations = (
				8E8E04FB1F01B35900C3338E /* Debug */,
				8E8E04FC1F01B35900C3338E /* Release */,
			);
			defaultConfigurationIsVisible = 0;
			defaultConfigurationName = Release;
		};
		8E8E04FD1F01B35900C3338E /* Build configuration list for PBXNativeTarget "MamasAndPapasUITests" */ = {
			isa = XCConfigurationList;
			buildConfigurations = (
				8E8E04FE1F01B35900C3338E /* Debug */,
				8E8E04FF1F01B35900C3338E /* Release */,
			);
			defaultConfigurationIsVisible = 0;
			defaultConfigurationName = Release;
		};
/* End XCConfigurationList section */
	};
	rootObject = 8E8E04C71F01B35900C3338E /* Project object */;
}
